
Microsoft Visual Studio Solution File, Format Version 12.00
Project("{2150E333-8FDC-42A3-9474-1A3956D46DE8}") = "src", "src", "{916C27F5-B6F3-47C1-9984-2F22F92834AB}"
EndProject
Project("{2150E333-8FDC-42A3-9474-1A3956D46DE8}") = "Shared", "Shared", "{A417C938-76E6-4D58-B4F7-23C7B575E6C5}"
EndProject
Project("{FAE04EC0-301F-11D3-BF4B-00C04F79EFBC}") = "PackIT.Application", "PackIT.Application\PackIT.Application.csproj", "{C46D1F59-5B4C-4D76-BEC1-0EEBD2906AFD}"
EndProject
Project("{FAE04EC0-301F-11D3-BF4B-00C04F79EFBC}") = "PackIT.Domain", "PackIT.Domain\PackIT.Domain.csproj", "{26D04CF7-D704-4E7D-AD6B-BFFB52402ED4}"
EndProject
Project("{FAE04EC0-301F-11D3-BF4B-00C04F79EFBC}") = "PackIT.Infrastructure", "PackIT.Infrastructure\PackIT.Infrastructure.csproj", "{CA7EB406-1A45-4B80-A008-44F4176ABA30}"
EndProject
Project("{FAE04EC0-301F-11D3-BF4B-00C04F79EFBC}") = "PackIT.Shared", "PackIT.Shared\PackIT.Shared.csproj", "{6A12AD55-2FDE-46E2-BBCE-641D119988B4}"
EndProject
Project("{FAE04EC0-301F-11D3-BF4B-00C04F79EFBC}") = "PackIT.Shared.Abstractions", "PackIT.Shared.Abstractions\PackIT.Shared.Abstractions.csproj", "{ACBE1B95-071A-4871-A878-5BB5BDCD6E31}"
EndProject
Project("{FAE04EC0-301F-11D3-BF4B-00C04F79EFBC}") = "PackIT.Api", "PackIT.Api\PackIT.Api.csproj", "{C90F07F5-4E3A-49D7-AE3D-CADAF0123AB3}"
EndProject
Project("{2150E333-8FDC-42A3-9474-1A3956D46DE8}") = "tests", "tests", "{17414F51-745D-4294-A347-C478CC9DE8C5}"
EndProject
Project("{FAE04EC0-301F-11D3-BF4B-00C04F79EFBC}") = "PackIT.UnitTests", "PackIT.UnitTests\PackIT.UnitTests.csproj", "{A93D51B3-F8D0-4A4F-A834-9482C358E485}"
EndProject
Global
	GlobalSection(SolutionConfigurationPlatforms) = preSolution
		Debug|Any CPU = Debug|Any CPU
		Release|Any CPU = Release|Any CPU
	EndGlobalSection
	GlobalSection(NestedProjects) = preSolution
		{A417C938-76E6-4D58-B4F7-23C7B575E6C5} = {916C27F5-B6F3-47C1-9984-2F22F92834AB}
		{C46D1F59-5B4C-4D76-BEC1-0EEBD2906AFD} = {916C27F5-B6F3-47C1-9984-2F22F92834AB}
		{26D04CF7-D704-4E7D-AD6B-BFFB52402ED4} = {916C27F5-B6F3-47C1-9984-2F22F92834AB}
		{CA7EB406-1A45-4B80-A008-44F4176ABA30} = {916C27F5-B6F3-47C1-9984-2F22F92834AB}
		{6A12AD55-2FDE-46E2-BBCE-641D119988B4} = {A417C938-76E6-4D58-B4F7-23C7B575E6C5}
		{ACBE1B95-071A-4871-A878-5BB5BDCD6E31} = {A417C938-76E6-4D58-B4F7-23C7B575E6C5}
		{C90F07F5-4E3A-49D7-AE3D-CADAF0123AB3} = {916C27F5-B6F3-47C1-9984-2F22F92834AB}
		{A93D51B3-F8D0-4A4F-A834-9482C358E485} = {17414F51-745D-4294-A347-C478CC9DE8C5}
	EndGlobalSection
	GlobalSection(ProjectConfigurationPlatforms) = postSolution
		{C46D1F59-5B4C-4D76-BEC1-0EEBD2906AFD}.Debug|Any CPU.ActiveCfg = Debug|Any CPU
		{C46D1F59-5B4C-4D76-BEC1-0EEBD2906AFD}.Debug|Any CPU.Build.0 = Debug|Any CPU
		{C46D1F59-5B4C-4D76-BEC1-0EEBD2906AFD}.Release|Any CPU.ActiveCfg = Release|Any CPU
		{C46D1F59-5B4C-4D76-BEC1-0EEBD2906AFD}.Release|Any CPU.Build.0 = Release|Any CPU
		{26D04CF7-D704-4E7D-AD6B-BFFB52402ED4}.Debug|Any CPU.ActiveCfg = Debug|Any CPU
		{26D04CF7-D704-4E7D-AD6B-BFFB52402ED4}.Debug|Any CPU.Build.0 = Debug|Any CPU
		{26D04CF7-D704-4E7D-AD6B-BFFB52402ED4}.Release|Any CPU.ActiveCfg = Release|Any CPU
		{26D04CF7-D704-4E7D-AD6B-BFFB52402ED4}.Release|Any CPU.Build.0 = Release|Any CPU
		{CA7EB406-1A45-4B80-A008-44F4176ABA30}.Debug|Any CPU.ActiveCfg = Debug|Any CPU
		{CA7EB406-1A45-4B80-A008-44F4176ABA30}.Debug|Any CPU.Build.0 = Debug|Any CPU
		{CA7EB406-1A45-4B80-A008-44F4176ABA30}.Release|Any CPU.ActiveCfg = Release|Any CPU
		{CA7EB406-1A45-4B80-A008-44F4176ABA30}.Release|Any CPU.Build.0 = Release|Any CPU
		{6A12AD55-2FDE-46E2-BBCE-641D119988B4}.Debug|Any CPU.ActiveCfg = Debug|Any CPU
		{6A12AD55-2FDE-46E2-BBCE-641D119988B4}.Debug|Any CPU.Build.0 = Debug|Any CPU
		{6A12AD55-2FDE-46E2-BBCE-641D119988B4}.Release|Any CPU.ActiveCfg = Release|Any CPU
		{6A12AD55-2FDE-46E2-BBCE-641D119988B4}.Release|Any CPU.Build.0 = Release|Any CPU
		{ACBE1B95-071A-4871-A878-5BB5BDCD6E31}.Debug|Any CPU.ActiveCfg = Debug|Any CPU
		{ACBE1B95-071A-4871-A878-5BB5BDCD6E31}.Debug|Any CPU.Build.0 = Debug|Any CPU
		{ACBE1B95-071A-4871-A878-5BB5BDCD6E31}.Release|Any CPU.ActiveCfg = Release|Any CPU
		{ACBE1B95-071A-4871-A878-5BB5BDCD6E31}.Release|Any CPU.Build.0 = Release|Any CPU
		{C90F07F5-4E3A-49D7-AE3D-CADAF0123AB3}.Debug|Any CPU.ActiveCfg = Debug|Any CPU
		{C90F07F5-4E3A-49D7-AE3D-CADAF0123AB3}.Debug|Any CPU.Build.0 = Debug|Any CPU
		{C90F07F5-4E3A-49D7-AE3D-CADAF0123AB3}.Release|Any CPU.ActiveCfg = Release|Any CPU
		{C90F07F5-4E3A-49D7-AE3D-CADAF0123AB3}.Release|Any CPU.Build.0 = Release|Any CPU
		{A93D51B3-F8D0-4A4F-A834-9482C358E485}.Debug|Any CPU.ActiveCfg = Debug|Any CPU
		{A93D51B3-F8D0-4A4F-A834-9482C358E485}.Debug|Any CPU.Build.0 = Debug|Any CPU
		{A93D51B3-F8D0-4A4F-A834-9482C358E485}.Release|Any CPU.ActiveCfg = Release|Any CPU
		{A93D51B3-F8D0-4A4F-A834-9482C358E485}.Release|Any CPU.Build.0 = Release|Any CPU
	EndGlobalSection
EndGlobal
